
Microsoft Visual Studio Solution File, Format Version 12.00
# Visual Studio Version 16
VisualStudioVersion = 16.0.30002.166
MinimumVisualStudioVersion = 10.0.40219.1
Project("{E24C65DC-7377-472B-9ABA-BC803B73C61A}") = "angular-my-app", ".", "{DD1EE583-8C08-4E25-AE28-478FB8765333}"
	ProjectSection(WebsiteProperties) = preProject
		TargetFrameworkMoniker = ".NETFramework,Version%3Dv4.0"
		Debug.AspNetCompiler.VirtualPath = "/localhost_52642"
		Debug.AspNetCompiler.PhysicalPath = "..\angular-my-app\"
		Debug.AspNetCompiler.TargetPath = "PrecompiledWeb\localhost_52642\"
		Debug.AspNetCompiler.Updateable = "true"
		Debug.AspNetCompiler.ForceOverwrite = "true"
		Debug.AspNetCompiler.FixedNames = "false"
		Debug.AspNetCompiler.Debug = "True"
		Release.AspNetCompiler.VirtualPath = "/localhost_52642"
		Release.AspNetCompiler.PhysicalPath = "..\angular-my-app\"
		Release.AspNetCompiler.TargetPath = "PrecompiledWeb\localhost_52642\"
		Release.AspNetCompiler.Updateable = "true"
		Release.AspNetCompiler.ForceOverwrite = "true"
		Release.AspNetCompiler.FixedNames = "false"
		Release.AspNetCompiler.Debug = "False"
		VWDPort = "52642"
		SlnRelativePath = "..\angular-my-app\"
	EndProjectSection
EndProject
Global
	GlobalSection(SolutionConfigurationPlatforms) = preSolution
		Debug|Any CPU = Debug|Any CPU
	EndGlobalSection
	GlobalSection(ProjectConfigurationPlatforms) = postSolution
		{DD1EE583-8C08-4E25-AE28-478FB8765333}.Debug|Any CPU.ActiveCfg = Debug|Any CPU
		{DD1EE583-8C08-4E25-AE28-478FB8765333}.Debug|Any CPU.Build.0 = Debug|Any CPU
	EndGlobalSection
	GlobalSection(SolutionProperties) = preSolution
		HideSolutionNode = FALSE
	EndGlobalSection
	GlobalSection(ExtensibilityGlobals) = postSolution
		SolutionGuid = {A8AC6E82-ABD5-4877-BB96-EA1B476548B6}
	EndGlobalSection
EndGlobal
